{
  "nodes": {
    "nixpkgs": {
      "locked": {
        "lastModified": 1691683125,
        "narHash": "sha256-FMU62G57HDbJwU+9V3q7I0mBaQYTYQdtPNlJt2t5/A4=",
        "owner": "NixOS",
        "repo": "nixpkgs",
        "rev": "4d2389b927696ef8da4ef76b03f2d306faf87929",
        "type": "github"
      },
      "original": {
        "owner": "NixOS",
        "ref": "nixpkgs-unstable",
        "repo": "nixpkgs",
        "type": "github"
      }
    },
    "root": {
      "inputs": {
        "nixpkgs": "nixpkgs"
      }
    }
  },
  "root": "root",
  "version": 7
}
