{
  "nodes": {
    "nixpkgs-lib": {
      "locked": {
        "lastModified": 1691282883,
        "narHash": "sha256-YLu1Fs+J+hw0BebUhWIeFzSqhlsnf0K88RqhVJebF9E=",
        "owner": "nix-community",
        "repo": "nixpkgs.lib",
        "rev": "b1d35b759161787e1cda815c460050142bda9adb",
        "type": "github"
      },
      "original": {
        "owner": "nix-community",
        "repo": "nixpkgs.lib",
        "type": "github"
      }
    },
    "root": {
      "inputs": {
        "nixpkgs-lib": "nixpkgs-lib"
      }
    }
  },
  "root": "root",
  "version": 7
}
